
Microsoft Visual Studio Solution File, Format Version 11.00
# Visual Studio 2010
Project("{FAE04EC0-301F-11D3-BF4B-00C04F79EFBC}") = "GISDev4", "GISDev4\GISDev4.csproj", "{9B9B368C-B06F-4E9C-B3E4-E34F8A86251E}"
EndProject
Global
	GlobalSection(SolutionConfigurationPlatforms) = preSolution
		Debug|x86 = Debug|x86
		Release|x86 = Release|x86
	EndGlobalSection
	GlobalSection(ProjectConfigurationPlatforms) = postSolution
		{9B9B368C-B06F-4E9C-B3E4-E34F8A86251E}.Debug|x86.ActiveCfg = Debug|x86
		{9B9B368C-B06F-4E9C-B3E4-E34F8A86251E}.Debug|x86.Build.0 = Debug|x86
		{9B9B368C-B06F-4E9C-B3E4-E34F8A86251E}.Release|x86.ActiveCfg = Release|x86
		{9B9B368C-B06F-4E9C-B3E4-E34F8A86251E}.Release|x86.Build.0 = Release|x86
	EndGlobalSection
	GlobalSection(SolutionProperties) = preSolution
		HideSolutionNode = FALSE
	EndGlobalSection
EndGlobal
